
Microsoft Visual Studio Solution File, Format Version 12.00
# Visual Studio 15
Project("{FAE04EC0-301F-11D3-BF4B-00C04F79EFBC}") = "PSOApp.Android", "PSOApp.Android\PSOApp.Android.csproj", "{A02EC73A-38E8-405C-8A5F-834A73C08CF5}"
EndProject
Project("{FAE04EC0-301F-11D3-BF4B-00C04F79EFBC}") = "PSOApp", "PSOApp\PSOApp.csproj", "{689A0069-5EC5-4C6E-8436-03A73532165D}"
EndProject
Project("{2150E333-8FDC-42A3-9474-1A3956D46DE8}") = "Solution Items", "Solution Items", "{8D07FFDE-1C80-40CF-8EFD-BCDF32739E4E}"
EndProject
Global
	GlobalSection(SolutionConfigurationPlatforms) = preSolution
		Debug|Any CPU = Debug|Any CPU
		Release|Any CPU = Release|Any CPU
	EndGlobalSection
	GlobalSection(ProjectConfigurationPlatforms) = postSolution
		{A02EC73A-38E8-405C-8A5F-834A73C08CF5}.Debug|Any CPU.ActiveCfg = Debug|Any CPU
		{A02EC73A-38E8-405C-8A5F-834A73C08CF5}.Debug|Any CPU.Build.0 = Debug|Any CPU
		{A02EC73A-38E8-405C-8A5F-834A73C08CF5}.Release|Any CPU.ActiveCfg = Release|Any CPU
		{A02EC73A-38E8-405C-8A5F-834A73C08CF5}.Release|Any CPU.Build.0 = Release|Any CPU
		{689A0069-5EC5-4C6E-8436-03A73532165D}.Debug|Any CPU.ActiveCfg = Debug|Any CPU
		{689A0069-5EC5-4C6E-8436-03A73532165D}.Debug|Any CPU.Build.0 = Debug|Any CPU
		{689A0069-5EC5-4C6E-8436-03A73532165D}.Release|Any CPU.ActiveCfg = Release|Any CPU
		{689A0069-5EC5-4C6E-8436-03A73532165D}.Release|Any CPU.Build.0 = Release|Any CPU
	EndGlobalSection
EndGlobal
